
Microsoft Visual Studio Solution File, Format Version 12.00
# Visual Studio Version 16
VisualStudioVersion = 16.0.30011.22
MinimumVisualStudioVersion = 10.0.40219.1
Project("{FAE04EC0-301F-11D3-BF4B-00C04F79EFBC}") = "ValueReference", "ValueReference\ValueReference.csproj", "{0BB23641-1009-4468-BA72-E58862DD7DAC}"
EndProject
Project("{FAE04EC0-301F-11D3-BF4B-00C04F79EFBC}") = "ValueReference.Tests", "ValueReference.Tests\ValueReference.Tests.csproj", "{DA53B9FA-086A-470B-B9B8-5673E92D11E8}"
EndProject
Global
	GlobalSection(SolutionConfigurationPlatforms) = preSolution
		Debug|Any CPU = Debug|Any CPU
		Release|Any CPU = Release|Any CPU
	EndGlobalSection
	GlobalSection(ProjectConfigurationPlatforms) = postSolution
		{0BB23641-1009-4468-BA72-E58862DD7DAC}.Debug|Any CPU.ActiveCfg = Debug|Any CPU
		{0BB23641-1009-4468-BA72-E58862DD7DAC}.Debug|Any CPU.Build.0 = Debug|Any CPU
		{0BB23641-1009-4468-BA72-E58862DD7DAC}.Release|Any CPU.ActiveCfg = Release|Any CPU
		{0BB23641-1009-4468-BA72-E58862DD7DAC}.Release|Any CPU.Build.0 = Release|Any CPU
		{DA53B9FA-086A-470B-B9B8-5673E92D11E8}.Debug|Any CPU.ActiveCfg = Debug|Any CPU
		{DA53B9FA-086A-470B-B9B8-5673E92D11E8}.Debug|Any CPU.Build.0 = Debug|Any CPU
		{DA53B9FA-086A-470B-B9B8-5673E92D11E8}.Release|Any CPU.ActiveCfg = Release|Any CPU
		{DA53B9FA-086A-470B-B9B8-5673E92D11E8}.Release|Any CPU.Build.0 = Release|Any CPU
	EndGlobalSection
	GlobalSection(SolutionProperties) = preSolution
		HideSolutionNode = FALSE
	EndGlobalSection
	GlobalSection(ExtensibilityGlobals) = postSolution
		SolutionGuid = {B5FD9F61-3501-423B-9104-590AB0333C5E}
	EndGlobalSection
EndGlobal
